
Microsoft Visual Studio Solution File, Format Version 12.00
# Visual Studio Version 17
VisualStudioVersion = 17.8.34330.188
MinimumVisualStudioVersion = 10.0.40219.1
Project("{9A19103F-16F7-4668-BE54-9A1E7A4F7556}") = "QuickGridTest.Data", "QuickGridTest.Data\QuickGridTest.Data.csproj", "{053B92C0-62EB-40D7-AB2A-CD7D0A52FE47}"
EndProject
Project("{9A19103F-16F7-4668-BE54-9A1E7A4F7556}") = "QuickGridTest.Migrations.Executor", "QuickGridTest.Migrations.Executor\QuickGridTest.Migrations.Executor.csproj", "{B86364DF-5D8C-472C-8329-E899D9960D3D}"
EndProject
Project("{FAE04EC0-301F-11D3-BF4B-00C04F79EFBC}") = "QuickGridTestProj", "QuickGridTestProj\QuickGridTestProj.csproj", "{8C9CE637-17C7-4A78-AE6E-112F46EDD179}"
EndProject
Global
	GlobalSection(SolutionConfigurationPlatforms) = preSolution
		Debug|Any CPU = Debug|Any CPU
		Release|Any CPU = Release|Any CPU
	EndGlobalSection
	GlobalSection(ProjectConfigurationPlatforms) = postSolution
		{053B92C0-62EB-40D7-AB2A-CD7D0A52FE47}.Debug|Any CPU.ActiveCfg = Debug|Any CPU
		{053B92C0-62EB-40D7-AB2A-CD7D0A52FE47}.Debug|Any CPU.Build.0 = Debug|Any CPU
		{053B92C0-62EB-40D7-AB2A-CD7D0A52FE47}.Release|Any CPU.ActiveCfg = Release|Any CPU
		{053B92C0-62EB-40D7-AB2A-CD7D0A52FE47}.Release|Any CPU.Build.0 = Release|Any CPU
		{B86364DF-5D8C-472C-8329-E899D9960D3D}.Debug|Any CPU.ActiveCfg = Debug|Any CPU
		{B86364DF-5D8C-472C-8329-E899D9960D3D}.Debug|Any CPU.Build.0 = Debug|Any CPU
		{B86364DF-5D8C-472C-8329-E899D9960D3D}.Release|Any CPU.ActiveCfg = Release|Any CPU
		{B86364DF-5D8C-472C-8329-E899D9960D3D}.Release|Any CPU.Build.0 = Release|Any CPU
		{8C9CE637-17C7-4A78-AE6E-112F46EDD179}.Debug|Any CPU.ActiveCfg = Debug|Any CPU
		{8C9CE637-17C7-4A78-AE6E-112F46EDD179}.Debug|Any CPU.Build.0 = Debug|Any CPU
		{8C9CE637-17C7-4A78-AE6E-112F46EDD179}.Release|Any CPU.ActiveCfg = Release|Any CPU
		{8C9CE637-17C7-4A78-AE6E-112F46EDD179}.Release|Any CPU.Build.0 = Release|Any CPU
	EndGlobalSection
	GlobalSection(SolutionProperties) = preSolution
		HideSolutionNode = FALSE
	EndGlobalSection
	GlobalSection(ExtensibilityGlobals) = postSolution
		SolutionGuid = {D4B7A4C9-58E2-48C9-8975-D3E708F0F42E}
	EndGlobalSection
EndGlobal
